// !$*UTF8*$!
{
	archiveVersion = 1;
	classes = {
	};
	objectVersion = 48;
	objects = {

/* Begin PBXBuildFile section */
		4706B3C120362BA200EB4206 /* WikiViewController.swift in Sources */ = {isa = PBXBuildFile; fileRef = 4706B3BF20362BA200EB4206 /* WikiViewController.swift */; };
		4706B3C220362BA200EB4206 /* WikiViewController.xib in Resources */ = {isa = PBXBuildFile; fileRef = 4706B3C020362BA200EB4206 /* WikiViewController.xib */; };
		4706B3C92036452200EB4206 /* HouseListViewController.swift in Sources */ = {isa = PBXBuildFile; fileRef = 4706B3C72036452200EB4206 /* HouseListViewController.swift */; };
		4706B3CA2036452200EB4206 /* HouseListViewController.xib in Resources */ = {isa = PBXBuildFile; fileRef = 4706B3C82036452200EB4206 /* HouseListViewController.xib */; };
		472381B6203238A3001944C1 /* codeIsComing.png in Resources */ = {isa = PBXBuildFile; fileRef = 472381B3203238A3001944C1 /* codeIsComing.png */; };
		472381B7203238A3001944C1 /* targaryenSmall.jpg in Resources */ = {isa = PBXBuildFile; fileRef = 472381B4203238A3001944C1 /* targaryenSmall.jpg */; };
		472381B8203238A3001944C1 /* lannister.jpg in Resources */ = {isa = PBXBuildFile; fileRef = 472381B5203238A3001944C1 /* lannister.jpg */; };
		472381BD20323A8A001944C1 /* HouseDetailViewController.swift in Sources */ = {isa = PBXBuildFile; fileRef = 472381BB20323A8A001944C1 /* HouseDetailViewController.swift */; };
		472381BE20323A8A001944C1 /* HouseDetailViewController.xib in Resources */ = {isa = PBXBuildFile; fileRef = 472381BC20323A8A001944C1 /* HouseDetailViewController.xib */; };
		47479F6D202CE4D500EC3F27 /* AppDelegate.swift in Sources */ = {isa = PBXBuildFile; fileRef = 47479F6C202CE4D500EC3F27 /* AppDelegate.swift */; };
		47479F77202CE4D500EC3F27 /* LaunchScreen.storyboard in Resources */ = {isa = PBXBuildFile; fileRef = 47479F75202CE4D500EC3F27 /* LaunchScreen.storyboard */; };
		4754B8D2202CF01D005CE93F /* HouseTests.swift in Sources */ = {isa = PBXBuildFile; fileRef = 4754B8D1202CF01D005CE93F /* HouseTests.swift */; };
		4754B8D4202CF1C2005CE93F /* House.swift in Sources */ = {isa = PBXBuildFile; fileRef = 4754B8D3202CF1C2005CE93F /* House.swift */; };
		4754B8D6202CFD87005CE93F /* PersonTests.swift in Sources */ = {isa = PBXBuildFile; fileRef = 4754B8D5202CFD87005CE93F /* PersonTests.swift */; };
		4754B8D8202CFE0B005CE93F /* Person.swift in Sources */ = {isa = PBXBuildFile; fileRef = 4754B8D7202CFE0B005CE93F /* Person.swift */; };
		47BCCD8420337CA000048C01 /* UIViewController+Additions.swift in Sources */ = {isa = PBXBuildFile; fileRef = 47BCCD8320337CA000048C01 /* UIViewController+Additions.swift */; };
		47BCCD862033807D00048C01 /* RepositoryTests.swift in Sources */ = {isa = PBXBuildFile; fileRef = 47BCCD852033807D00048C01 /* RepositoryTests.swift */; };
		47BCCD882033817700048C01 /* Repository.swift in Sources */ = {isa = PBXBuildFile; fileRef = 47BCCD872033817700048C01 /* Repository.swift */; };
/* End PBXBuildFile section */

/* Begin PBXContainerItemProxy section */
		47479F7E202CE4D500EC3F27 /* PBXContainerItemProxy */ = {
			isa = PBXContainerItemProxy;
			containerPortal = 47479F61202CE4D500EC3F27 /* Project object */;
			proxyType = 1;
			remoteGlobalIDString = 47479F68202CE4D500EC3F27;
			remoteInfo = Westeros;
		};
/* End PBXContainerItemProxy section */

/* Begin PBXFileReference section */
		4706B3BF20362BA200EB4206 /* WikiViewController.swift */ = {isa = PBXFileReference; lastKnownFileType = sourcecode.swift; path = WikiViewController.swift; sourceTree = "<group>"; };
		4706B3C020362BA200EB4206 /* WikiViewController.xib */ = {isa = PBXFileReference; lastKnownFileType = file.xib; path = WikiViewController.xib; sourceTree = "<group>"; };
		4706B3C72036452200EB4206 /* HouseListViewController.swift */ = {isa = PBXFileReference; lastKnownFileType = sourcecode.swift; path = HouseListViewController.swift; sourceTree = "<group>"; };
		4706B3C82036452200EB4206 /* HouseListViewController.xib */ = {isa = PBXFileReference; lastKnownFileType = file.xib; path = HouseListViewController.xib; sourceTree = "<group>"; };
		472381B3203238A3001944C1 /* codeIsComing.png */ = {isa = PBXFileReference; lastKnownFileType = image.png; name = codeIsComing.png; path = Westeros/Image/codeIsComing.png; sourceTree = SOURCE_ROOT; };
		472381B4203238A3001944C1 /* targaryenSmall.jpg */ = {isa = PBXFileReference; lastKnownFileType = image.jpeg; name = targaryenSmall.jpg; path = Westeros/Image/targaryenSmall.jpg; sourceTree = SOURCE_ROOT; };
		472381B5203238A3001944C1 /* lannister.jpg */ = {isa = PBXFileReference; lastKnownFileType = image.jpeg; name = lannister.jpg; path = Westeros/Image/lannister.jpg; sourceTree = SOURCE_ROOT; };
		472381BB20323A8A001944C1 /* HouseDetailViewController.swift */ = {isa = PBXFileReference; lastKnownFileType = sourcecode.swift; path = HouseDetailViewController.swift; sourceTree = "<group>"; };
		472381BC20323A8A001944C1 /* HouseDetailViewController.xib */ = {isa = PBXFileReference; lastKnownFileType = file.xib; path = HouseDetailViewController.xib; sourceTree = "<group>"; };
		47479F69202CE4D500EC3F27 /* Westeros.app */ = {isa = PBXFileReference; explicitFileType = wrapper.application; includeInIndex = 0; path = Westeros.app; sourceTree = BUILT_PRODUCTS_DIR; };
		47479F6C202CE4D500EC3F27 /* AppDelegate.swift */ = {isa = PBXFileReference; lastKnownFileType = sourcecode.swift; path = AppDelegate.swift; sourceTree = "<group>"; };
		47479F76202CE4D500EC3F27 /* Base */ = {isa = PBXFileReference; lastKnownFileType = file.storyboard; name = Base; path = Base.lproj/LaunchScreen.storyboard; sourceTree = "<group>"; };
		47479F78202CE4D500EC3F27 /* Info.plist */ = {isa = PBXFileReference; lastKnownFileType = text.plist.xml; path = Info.plist; sourceTree = "<group>"; };
		47479F7D202CE4D500EC3F27 /* WesterosTests.xctest */ = {isa = PBXFileReference; explicitFileType = wrapper.cfbundle; includeInIndex = 0; path = WesterosTests.xctest; sourceTree = BUILT_PRODUCTS_DIR; };
		47479F83202CE4D500EC3F27 /* Info.plist */ = {isa = PBXFileReference; lastKnownFileType = text.plist.xml; path = Info.plist; sourceTree = "<group>"; };
		4754B8D1202CF01D005CE93F /* HouseTests.swift */ = {isa = PBXFileReference; lastKnownFileType = sourcecode.swift; path = HouseTests.swift; sourceTree = "<group>"; };
		4754B8D3202CF1C2005CE93F /* House.swift */ = {isa = PBXFileReference; lastKnownFileType = sourcecode.swift; path = House.swift; sourceTree = "<group>"; };
		4754B8D5202CFD87005CE93F /* PersonTests.swift */ = {isa = PBXFileReference; lastKnownFileType = sourcecode.swift; path = PersonTests.swift; sourceTree = "<group>"; };
		4754B8D7202CFE0B005CE93F /* Person.swift */ = {isa = PBXFileReference; lastKnownFileType = sourcecode.swift; path = Person.swift; sourceTree = "<group>"; };
		47BCCD8320337CA000048C01 /* UIViewController+Additions.swift */ = {isa = PBXFileReference; lastKnownFileType = sourcecode.swift; path = "UIViewController+Additions.swift"; sourceTree = "<group>"; };
		47BCCD852033807D00048C01 /* RepositoryTests.swift */ = {isa = PBXFileReference; lastKnownFileType = sourcecode.swift; path = RepositoryTests.swift; sourceTree = "<group>"; };
		47BCCD872033817700048C01 /* Repository.swift */ = {isa = PBXFileReference; lastKnownFileType = sourcecode.swift; path = Repository.swift; sourceTree = "<group>"; };
/* End PBXFileReference section */

/* Begin PBXFrameworksBuildPhase section */
		47479F66202CE4D500EC3F27 /* Frameworks */ = {
			isa = PBXFrameworksBuildPhase;
			buildActionMask = 2147483647;
			files = (
			);
			runOnlyForDeploymentPostprocessing = 0;
		};
		47479F7A202CE4D500EC3F27 /* Frameworks */ = {
			isa = PBXFrameworksBuildPhase;
			buildActionMask = 2147483647;
			files = (
			);
			runOnlyForDeploymentPostprocessing = 0;
		};
/* End PBXFrameworksBuildPhase section */

/* Begin PBXGroup section */
		472381B920323910001944C1 /* Domain */ = {
			isa = PBXGroup;
			children = (
				4754B8D3202CF1C2005CE93F /* House.swift */,
				4754B8D7202CFE0B005CE93F /* Person.swift */,
				47BCCD872033817700048C01 /* Repository.swift */,
			);
			path = Domain;
			sourceTree = "<group>";
		};
		472381BA20323918001944C1 /* Image */ = {
			isa = PBXGroup;
			children = (
				472381B3203238A3001944C1 /* codeIsComing.png */,
				472381B5203238A3001944C1 /* lannister.jpg */,
				472381B4203238A3001944C1 /* targaryenSmall.jpg */,
			);
			path = Image;
			sourceTree = "<group>";
		};
		472381BF20323AAD001944C1 /* Controllers */ = {
			isa = PBXGroup;
			children = (
				472381BB20323A8A001944C1 /* HouseDetailViewController.swift */,
				472381BC20323A8A001944C1 /* HouseDetailViewController.xib */,
				4706B3BF20362BA200EB4206 /* WikiViewController.swift */,
				4706B3C020362BA200EB4206 /* WikiViewController.xib */,
				4706B3C72036452200EB4206 /* HouseListViewController.swift */,
				4706B3C82036452200EB4206 /* HouseListViewController.xib */,
			);
			path = Controllers;
			sourceTree = "<group>";
		};
		47479F60202CE4D500EC3F27 = {
			isa = PBXGroup;
			children = (
				47479F6B202CE4D500EC3F27 /* Westeros */,
				47479F80202CE4D500EC3F27 /* WesterosTests */,
				47479F6A202CE4D500EC3F27 /* Products */,
			);
			sourceTree = "<group>";
		};
		47479F6A202CE4D500EC3F27 /* Products */ = {
			isa = PBXGroup;
			children = (
				47479F69202CE4D500EC3F27 /* Westeros.app */,
				47479F7D202CE4D500EC3F27 /* WesterosTests.xctest */,
			);
			name = Products;
			sourceTree = "<group>";
		};
		47479F6B202CE4D500EC3F27 /* Westeros */ = {
			isa = PBXGroup;
			children = (
				47BCCD8220337C1E00048C01 /* UIKitExtensions */,
				472381BF20323AAD001944C1 /* Controllers */,
				472381BA20323918001944C1 /* Image */,
				472381B920323910001944C1 /* Domain */,
				47479F6C202CE4D500EC3F27 /* AppDelegate.swift */,
				47479F75202CE4D500EC3F27 /* LaunchScreen.storyboard */,
				47479F78202CE4D500EC3F27 /* Info.plist */,
			);
			path = Westeros;
			sourceTree = "<group>";
		};
		47479F80202CE4D500EC3F27 /* WesterosTests */ = {
			isa = PBXGroup;
			children = (
				47479F83202CE4D500EC3F27 /* Info.plist */,
				4754B8D1202CF01D005CE93F /* HouseTests.swift */,
				4754B8D5202CFD87005CE93F /* PersonTests.swift */,
				47BCCD852033807D00048C01 /* RepositoryTests.swift */,
			);
			path = WesterosTests;
			sourceTree = "<group>";
		};
		47BCCD8220337C1E00048C01 /* UIKitExtensions */ = {
			isa = PBXGroup;
			children = (
				47BCCD8320337CA000048C01 /* UIViewController+Additions.swift */,
			);
			path = UIKitExtensions;
			sourceTree = "<group>";
		};
/* End PBXGroup section */

/* Begin PBXNativeTarget section */
		47479F68202CE4D500EC3F27 /* Westeros */ = {
			isa = PBXNativeTarget;
			buildConfigurationList = 47479F86202CE4D500EC3F27 /* Build configuration list for PBXNativeTarget "Westeros" */;
			buildPhases = (
				47479F65202CE4D500EC3F27 /* Sources */,
				47479F66202CE4D500EC3F27 /* Frameworks */,
				47479F67202CE4D500EC3F27 /* Resources */,
			);
			buildRules = (
			);
			dependencies = (
			);
			name = Westeros;
			productName = Westeros;
			productReference = 47479F69202CE4D500EC3F27 /* Westeros.app */;
			productType = "com.apple.product-type.application";
		};
		47479F7C202CE4D500EC3F27 /* WesterosTests */ = {
			isa = PBXNativeTarget;
			buildConfigurationList = 47479F89202CE4D500EC3F27 /* Build configuration list for PBXNativeTarget "WesterosTests" */;
			buildPhases = (
				47479F79202CE4D500EC3F27 /* Sources */,
				47479F7A202CE4D500EC3F27 /* Frameworks */,
				47479F7B202CE4D500EC3F27 /* Resources */,
			);
			buildRules = (
			);
			dependencies = (
				47479F7F202CE4D500EC3F27 /* PBXTargetDependency */,
			);
			name = WesterosTests;
			productName = WesterosTests;
			productReference = 47479F7D202CE4D500EC3F27 /* WesterosTests.xctest */;
			productType = "com.apple.product-type.bundle.unit-test";
		};
/* End PBXNativeTarget section */

/* Begin PBXProject section */
		47479F61202CE4D500EC3F27 /* Project object */ = {
			isa = PBXProject;
			attributes = {
				LastSwiftUpdateCheck = 0920;
				LastUpgradeCheck = 0920;
				ORGANIZATIONNAME = ARMANDO;
				TargetAttributes = {
					47479F68202CE4D500EC3F27 = {
						CreatedOnToolsVersion = 9.2;
						ProvisioningStyle = Automatic;
					};
					47479F7C202CE4D500EC3F27 = {
						CreatedOnToolsVersion = 9.2;
						LastSwiftMigration = 0920;
						ProvisioningStyle = Automatic;
						TestTargetID = 47479F68202CE4D500EC3F27;
					};
				};
			};
			buildConfigurationList = 47479F64202CE4D500EC3F27 /* Build configuration list for PBXProject "Westeros" */;
			compatibilityVersion = "Xcode 8.0";
			developmentRegion = en;
			hasScannedForEncodings = 0;
			knownRegions = (
				en,
				Base,
			);
			mainGroup = 47479F60202CE4D500EC3F27;
			productRefGroup = 47479F6A202CE4D500EC3F27 /* Products */;
			projectDirPath = "";
			projectRoot = "";
			targets = (
				47479F68202CE4D500EC3F27 /* Westeros */,
				47479F7C202CE4D500EC3F27 /* WesterosTests */,
			);
		};
/* End PBXProject section */

/* Begin PBXResourcesBuildPhase section */
		47479F67202CE4D500EC3F27 /* Resources */ = {
			isa = PBXResourcesBuildPhase;
			buildActionMask = 2147483647;
			files = (
				472381B6203238A3001944C1 /* codeIsComing.png in Resources */,
				472381BE20323A8A001944C1 /* HouseDetailViewController.xib in Resources */,
				47479F77202CE4D500EC3F27 /* LaunchScreen.storyboard in Resources */,
				472381B8203238A3001944C1 /* lannister.jpg in Resources */,
				4706B3C220362BA200EB4206 /* WikiViewController.xib in Resources */,
				4706B3CA2036452200EB4206 /* HouseListViewController.xib in Resources */,
				472381B7203238A3001944C1 /* targaryenSmall.jpg in Resources */,
			);
			runOnlyForDeploymentPostprocessing = 0;
		};
		47479F7B202CE4D500EC3F27 /* Resources */ = {
			isa = PBXResourcesBuildPhase;
			buildActionMask = 2147483647;
			files = (
			);
			runOnlyForDeploymentPostprocessing = 0;
		};
/* End PBXResourcesBuildPhase section */

/* Begin PBXSourcesBuildPhase section */
		47479F65202CE4D500EC3F27 /* Sources */ = {
			isa = PBXSourcesBuildPhase;
			buildActionMask = 2147483647;
			files = (
				472381BD20323A8A001944C1 /* HouseDetailViewController.swift in Sources */,
				4754B8D8202CFE0B005CE93F /* Person.swift in Sources */,
				4754B8D4202CF1C2005CE93F /* House.swift in Sources */,
				47BCCD8420337CA000048C01 /* UIViewController+Additions.swift in Sources */,
				47479F6D202CE4D500EC3F27 /* AppDelegate.swift in Sources */,
				47BCCD882033817700048C01 /* Repository.swift in Sources */,
				4706B3C120362BA200EB4206 /* WikiViewController.swift in Sources */,
				4706B3C92036452200EB4206 /* HouseListViewController.swift in Sources */,
			);
			runOnlyForDeploymentPostprocessing = 0;
		};
		47479F79202CE4D500EC3F27 /* Sources */ = {
			isa = PBXSourcesBuildPhase;
			buildActionMask = 2147483647;
			files = (
				4754B8D2202CF01D005CE93F /* HouseTests.swift in Sources */,
				4754B8D6202CFD87005CE93F /* PersonTests.swift in Sources */,
				47BCCD862033807D00048C01 /* RepositoryTests.swift in Sources */,
			);
			runOnlyForDeploymentPostprocessing = 0;
		};
/* End PBXSourcesBuildPhase section */

/* Begin PBXTargetDependency section */
		47479F7F202CE4D500EC3F27 /* PBXTargetDependency */ = {
			isa = PBXTargetDependency;
			target = 47479F68202CE4D500EC3F27 /* Westeros */;
			targetProxy = 47479F7E202CE4D500EC3F27 /* PBXContainerItemProxy */;
		};
/* End PBXTargetDependency section */

/* Begin PBXVariantGroup section */
		47479F75202CE4D500EC3F27 /* LaunchScreen.storyboard */ = {
			isa = PBXVariantGroup;
			children = (
				47479F76202CE4D500EC3F27 /* Base */,
			);
			name = LaunchScreen.storyboard;
			sourceTree = "<group>";
		};
/* End PBXVariantGroup section */

/* Begin XCBuildConfiguration section */
		47479F84202CE4D500EC3F27 /* Debug */ = {
			isa = XCBuildConfiguration;
			buildSettings = {
				ALWAYS_SEARCH_USER_PATHS = NO;
				CLANG_ANALYZER_NONNULL = YES;
				CLANG_ANALYZER_NUMBER_OBJECT_CONVERSION = YES_AGGRESSIVE;
				CLANG_CXX_LANGUAGE_STANDARD = "gnu++14";
				CLANG_CXX_LIBRARY = "libc++";
				CLANG_ENABLE_MODULES = YES;
				CLANG_ENABLE_OBJC_ARC = YES;
				CLANG_WARN_BLOCK_CAPTURE_AUTORELEASING = YES;
				CLANG_WARN_BOOL_CONVERSION = YES;
				CLANG_WARN_COMMA = YES;
				CLANG_WARN_CONSTANT_CONVERSION = YES;
				CLANG_WARN_DIRECT_OBJC_ISA_USAGE = YES_ERROR;
				CLANG_WARN_DOCUMENTATION_COMMENTS = YES;
				CLANG_WARN_EMPTY_BODY = YES;
				CLANG_WARN_ENUM_CONVERSION = YES;
				CLANG_WARN_INFINITE_RECURSION = YES;
				CLANG_WARN_INT_CONVERSION = YES;
				CLANG_WARN_NON_LITERAL_NULL_CONVERSION = YES;
				CLANG_WARN_OBJC_LITERAL_CONVERSION = YES;
				CLANG_WARN_OBJC_ROOT_CLASS = YES_ERROR;
				CLANG_WARN_RANGE_LOOP_ANALYSIS = YES;
				CLANG_WARN_STRICT_PROTOTYPES = YES;
				CLANG_WARN_SUSPICIOUS_MOVE = YES;
				CLANG_WARN_UNGUARDED_AVAILABILITY = YES_AGGRESSIVE;
				CLANG_WARN_UNREACHABLE_CODE = YES;
				CLANG_WARN__DUPLICATE_METHOD_MATCH = YES;
				CODE_SIGN_IDENTITY = "iPhone Developer";
				COPY_PHASE_STRIP = NO;
				DEBUG_INFORMATION_FORMAT = dwarf;
				ENABLE_STRICT_OBJC_MSGSEND = YES;
				ENABLE_TESTABILITY = YES;
				GCC_C_LANGUAGE_STANDARD = gnu11;
				GCC_DYNAMIC_NO_PIC = NO;
				GCC_NO_COMMON_BLOCKS = YES;
				GCC_OPTIMIZATION_LEVEL = 0;
				GCC_PREPROCESSOR_DEFINITIONS = (
					"DEBUG=1",
					"$(inherited)",
				);
				GCC_WARN_64_TO_32_BIT_CONVERSION = YES;
				GCC_WARN_ABOUT_RETURN_TYPE = YES_ERROR;
				GCC_WARN_UNDECLARED_SELECTOR = YES;
				GCC_WARN_UNINITIALIZED_AUTOS = YES_AGGRESSIVE;
				GCC_WARN_UNUSED_FUNCTION = YES;
				GCC_WARN_UNUSED_VARIABLE = YES;
				IPHONEOS_DEPLOYMENT_TARGET = 11.2;
				MTL_ENABLE_DEBUG_INFO = YES;
				ONLY_ACTIVE_ARCH = YES;
				SDKROOT = iphoneos;
				SWIFT_ACTIVE_COMPILATION_CONDITIONS = DEBUG;
				SWIFT_OPTIMIZATION_LEVEL = "-Onone";
			};
			name = Debug;
		};
		47479F85202CE4D500EC3F27 /* Release */ = {
			isa = XCBuildConfiguration;
			buildSettings = {
				ALWAYS_SEARCH_USER_PATHS = NO;
				CLANG_ANALYZER_NONNULL = YES;
				CLANG_ANALYZER_NUMBER_OBJECT_CONVERSION = YES_AGGRESSIVE;
				CLANG_CXX_LANGUAGE_STANDARD = "gnu++14";
				CLANG_CXX_LIBRARY = "libc++";
				CLANG_ENABLE_MODULES = YES;
				CLANG_ENABLE_OBJC_ARC = YES;
				CLANG_WARN_BLOCK_CAPTURE_AUTORELEASING = YES;
				CLANG_WARN_BOOL_CONVERSION = YES;
				CLANG_WARN_COMMA = YES;
				CLANG_WARN_CONSTANT_CONVERSION = YES;
				CLANG_WARN_DIRECT_OBJC_ISA_USAGE = YES_ERROR;
				CLANG_WARN_DOCUMENTATION_COMMENTS = YES;
				CLANG_WARN_EMPTY_BODY = YES;
				CLANG_WARN_ENUM_CONVERSION = YES;
				CLANG_WARN_INFINITE_RECURSION = YES;
				CLANG_WARN_INT_CONVERSION = YES;
				CLANG_WARN_NON_LITERAL_NULL_CONVERSION = YES;
				CLANG_WARN_OBJC_LITERAL_CONVERSION = YES;
				CLANG_WARN_OBJC_ROOT_CLASS = YES_ERROR;
				CLANG_WARN_RANGE_LOOP_ANALYSIS = YES;
				CLANG_WARN_STRICT_PROTOTYPES = YES;
				CLANG_WARN_SUSPICIOUS_MOVE = YES;
				CLANG_WARN_UNGUARDED_AVAILABILITY = YES_AGGRESSIVE;
				CLANG_WARN_UNREACHABLE_CODE = YES;
				CLANG_WARN__DUPLICATE_METHOD_MATCH = YES;
				CODE_SIGN_IDENTITY = "iPhone Developer";
				COPY_PHASE_STRIP = NO;
				DEBUG_INFORMATION_FORMAT = "dwarf-with-dsym";
				ENABLE_NS_ASSERTIONS = NO;
				ENABLE_STRICT_OBJC_MSGSEND = YES;
				GCC_C_LANGUAGE_STANDARD = gnu11;
				GCC_NO_COMMON_BLOCKS = YES;
				GCC_WARN_64_TO_32_BIT_CONVERSION = YES;
				GCC_WARN_ABOUT_RETURN_TYPE = YES_ERROR;
				GCC_WARN_UNDECLARED_SELECTOR = YES;
				GCC_WARN_UNINITIALIZED_AUTOS = YES_AGGRESSIVE;
				GCC_WARN_UNUSED_FUNCTION = YES;
				GCC_WARN_UNUSED_VARIABLE = YES;
				IPHONEOS_DEPLOYMENT_TARGET = 11.2;
				MTL_ENABLE_DEBUG_INFO = NO;
				SDKROOT = iphoneos;
				SWIFT_OPTIMIZATION_LEVEL = "-Owholemodule";
				VALIDATE_PRODUCT = YES;
			};
			name = Release;
		};
		47479F87202CE4D500EC3F27 /* Debug */ = {
			isa = XCBuildConfiguration;
			buildSettings = {
				ASSETCATALOG_COMPILER_APPICON_NAME = AppIcon;
				CODE_SIGN_STYLE = Automatic;
				DEVELOPMENT_TEAM = 7KZ5FN6264;
				INFOPLIST_FILE = Westeros/Info.plist;
				LD_RUNPATH_SEARCH_PATHS = "$(inherited) @executable_path/Frameworks";
				PRODUCT_BUNDLE_IDENTIFIER = afg.arfega.Westeros;
				PRODUCT_NAME = "$(TARGET_NAME)";
				SWIFT_VERSION = 4.0;
				TARGETED_DEVICE_FAMILY = "1,2";
			};
			name = Debug;
		};
		47479F88202CE4D500EC3F27 /* Release */ = {
			isa = XCBuildConfiguration;
			buildSettings = {
				ASSETCATALOG_COMPILER_APPICON_NAME = AppIcon;
				CODE_SIGN_STYLE = Automatic;
				DEVELOPMENT_TEAM = 7KZ5FN6264;
				INFOPLIST_FILE = Westeros/Info.plist;
				LD_RUNPATH_SEARCH_PATHS = "$(inherited) @executable_path/Frameworks";
				PRODUCT_BUNDLE_IDENTIFIER = afg.arfega.Westeros;
				PRODUCT_NAME = "$(TARGET_NAME)";
				SWIFT_VERSION = 4.0;
				TARGETED_DEVICE_FAMILY = "1,2";
			};
			name = Release;
		};
		47479F8A202CE4D500EC3F27 /* Debug */ = {
			isa = XCBuildConfiguration;
			buildSettings = {
				ALWAYS_EMBED_SWIFT_STANDARD_LIBRARIES = YES;
				BUNDLE_LOADER = "$(TEST_HOST)";
				CLANG_ENABLE_MODULES = YES;
				CODE_SIGN_STYLE = Automatic;
				DEVELOPMENT_TEAM = 7KZ5FN6264;
				INFOPLIST_FILE = WesterosTests/Info.plist;
				LD_RUNPATH_SEARCH_PATHS = "$(inherited) @executable_path/Frameworks @loader_path/Frameworks";
				PRODUCT_BUNDLE_IDENTIFIER = afg.arfega.WesterosTests;
				PRODUCT_NAME = "$(TARGET_NAME)";
				SWIFT_OPTIMIZATION_LEVEL = "-Onone";
				SWIFT_VERSION = 4.0;
				TARGETED_DEVICE_FAMILY = "1,2";
				TEST_HOST = "$(BUILT_PRODUCTS_DIR)/Westeros.app/Westeros";
			};
			name = Debug;
		};
		47479F8B202CE4D500EC3F27 /* Release */ = {
			isa = XCBuildConfiguration;
			buildSettings = {
				ALWAYS_EMBED_SWIFT_STANDARD_LIBRARIES = YES;
				BUNDLE_LOADER = "$(TEST_HOST)";
				CLANG_ENABLE_MODULES = YES;
				CODE_SIGN_STYLE = Automatic;
				DEVELOPMENT_TEAM = 7KZ5FN6264;
				INFOPLIST_FILE = WesterosTests/Info.plist;
				LD_RUNPATH_SEARCH_PATHS = "$(inherited) @executable_path/Frameworks @loader_path/Frameworks";
				PRODUCT_BUNDLE_IDENTIFIER = afg.arfega.WesterosTests;
				PRODUCT_NAME = "$(TARGET_NAME)";
				SWIFT_VERSION = 4.0;
				TARGETED_DEVICE_FAMILY = "1,2";
				TEST_HOST = "$(BUILT_PRODUCTS_DIR)/Westeros.app/Westeros";
			};
			name = Release;
		};
/* End XCBuildConfiguration section */

/* Begin XCConfigurationList section */
		47479F64202CE4D500EC3F27 /* Build configuration list for PBXProject "Westeros" */ = {
			isa = XCConfigurationList;
			buildConfigurations = (
				47479F84202CE4D500EC3F27 /* Debug */,
				47479F85202CE4D500EC3F27 /* Release */,
			);
			defaultConfigurationIsVisible = 0;
			defaultConfigurationName = Release;
		};
		47479F86202CE4D500EC3F27 /* Build configuration list for PBXNativeTarget "Westeros" */ = {
			isa = XCConfigurationList;
			buildConfigurations = (
				47479F87202CE4D500EC3F27 /* Debug */,
				47479F88202CE4D500EC3F27 /* Release */,
			);
			defaultConfigurationIsVisible = 0;
			defaultConfigurationName = Release;
		};
		47479F89202CE4D500EC3F27 /* Build configuration list for PBXNativeTarget "WesterosTests" */ = {
			isa = XCConfigurationList;
			buildConfigurations = (
				47479F8A202CE4D500EC3F27 /* Debug */,
				47479F8B202CE4D500EC3F27 /* Release */,
			);
			defaultConfigurationIsVisible = 0;
			defaultConfigurationName = Release;
		};
/* End XCConfigurationList section */
	};
	rootObject = 47479F61202CE4D500EC3F27 /* Project object */;
}
